
Microsoft Visual Studio Solution File, Format Version 12.00
# Visual Studio Version 16
VisualStudioVersion = 16.0.31410.357
MinimumVisualStudioVersion = 10.0.40219.1
Project("{FAE04EC0-301F-11D3-BF4B-00C04F79EFBC}") = "QuestionnaireSystem", "QuestionnaireSystem\QuestionnaireSystem.csproj", "{12FAE4F0-FAB5-40C0-9171-5599339DEF28}"
EndProject
Project("{FAE04EC0-301F-11D3-BF4B-00C04F79EFBC}") = "DBSource", "DBSource\DBSource.csproj", "{1E6ECD08-A235-4068-8847-1EF46265099C}"
EndProject
Project("{FAE04EC0-301F-11D3-BF4B-00C04F79EFBC}") = "DataFormatTransfer", "DataFormatTransfer\DataFormatTransfer.csproj", "{BB527694-65A5-45CF-BF7B-680172C79032}"
EndProject
Project("{FAE04EC0-301F-11D3-BF4B-00C04F79EFBC}") = "QuestionnaireSystem.ORM", "QuestionnaireSystem.ORM\QuestionnaireSystem.ORM.csproj", "{740099BC-0E24-4F6B-81C4-3BABA4525A7D}"
EndProject
Global
	GlobalSection(SolutionConfigurationPlatforms) = preSolution
		Debug|Any CPU = Debug|Any CPU
		Release|Any CPU = Release|Any CPU
	EndGlobalSection
	GlobalSection(ProjectConfigurationPlatforms) = postSolution
		{12FAE4F0-FAB5-40C0-9171-5599339DEF28}.Debug|Any CPU.ActiveCfg = Debug|Any CPU
		{12FAE4F0-FAB5-40C0-9171-5599339DEF28}.Debug|Any CPU.Build.0 = Debug|Any CPU
		{12FAE4F0-FAB5-40C0-9171-5599339DEF28}.Release|Any CPU.ActiveCfg = Release|Any CPU
		{12FAE4F0-FAB5-40C0-9171-5599339DEF28}.Release|Any CPU.Build.0 = Release|Any CPU
		{1E6ECD08-A235-4068-8847-1EF46265099C}.Debug|Any CPU.ActiveCfg = Debug|Any CPU
		{1E6ECD08-A235-4068-8847-1EF46265099C}.Debug|Any CPU.Build.0 = Debug|Any CPU
		{1E6ECD08-A235-4068-8847-1EF46265099C}.Release|Any CPU.ActiveCfg = Release|Any CPU
		{1E6ECD08-A235-4068-8847-1EF46265099C}.Release|Any CPU.Build.0 = Release|Any CPU
		{BB527694-65A5-45CF-BF7B-680172C79032}.Debug|Any CPU.ActiveCfg = Debug|Any CPU
		{BB527694-65A5-45CF-BF7B-680172C79032}.Debug|Any CPU.Build.0 = Debug|Any CPU
		{BB527694-65A5-45CF-BF7B-680172C79032}.Release|Any CPU.ActiveCfg = Release|Any CPU
		{BB527694-65A5-45CF-BF7B-680172C79032}.Release|Any CPU.Build.0 = Release|Any CPU
		{740099BC-0E24-4F6B-81C4-3BABA4525A7D}.Debug|Any CPU.ActiveCfg = Debug|Any CPU
		{740099BC-0E24-4F6B-81C4-3BABA4525A7D}.Debug|Any CPU.Build.0 = Debug|Any CPU
		{740099BC-0E24-4F6B-81C4-3BABA4525A7D}.Release|Any CPU.ActiveCfg = Release|Any CPU
		{740099BC-0E24-4F6B-81C4-3BABA4525A7D}.Release|Any CPU.Build.0 = Release|Any CPU
	EndGlobalSection
	GlobalSection(SolutionProperties) = preSolution
		HideSolutionNode = FALSE
	EndGlobalSection
	GlobalSection(ExtensibilityGlobals) = postSolution
		SolutionGuid = {BD9A4733-6BE4-4773-A3EF-7C8477D72B7F}
	EndGlobalSection
EndGlobal
